{
  "lockfile_version": "1",
  "packages": {
    "awscli2@latest": {
      "last_modified": "2025-10-22T20:59:19Z",
      "resolved": "github:NixOS/nixpkgs/01b6809f7f9d1183a2b3e081f0a1e6f8f415cb09#awscli2",
      "source": "devbox-search",
      "version": "2.31.11",
      "systems": {
        "aarch64-darwin": {
          "outputs": [
            {
              "name": "out",
              "path": "/nix/store/syyl22zc917z201wa7ghwyxrmdjda8gx-awscli2-2.31.11",
              "default": true
            },
            {
              "name": "dist",
              "path": "/nix/store/rahm1y464x1mpcsyrqyqvi3jx8d133d1-awscli2-2.31.11-dist"
            }
          ],
          "store_path": "/nix/store/syyl22zc917z201wa7ghwyxrmdjda8gx-awscli2-2.31.11"
        },
        "aarch64-linux": {
          "outputs": [
            {
              "name": "out",
              "path": "/nix/store/9vvkxynqnjglw0fjn2pzwxq590a8wyhb-awscli2-2.31.11",
              "default": true
            },
            {
              "name": "dist",
              "path": "/nix/store/cvfamk3633h4x98bdgj0kgcsnbfrxv69-awscli2-2.31.11-dist"
            }
          ],
          "store_path": "/nix/store/9vvkxynqnjglw0fjn2pzwxq590a8wyhb-awscli2-2.31.11"
        },
        "x86_64-darwin": {
          "outputs": [
            {
              "name": "out",
              "path": "/nix/store/ixhf6s2qp5dy5q3ri6i3w3rm38xqp105-awscli2-2.31.11",
              "default": true
            },
            {
              "name": "dist",
              "path": "/nix/store/lrb7dygv5x0rfql77l4mj3bm7phhndgd-awscli2-2.31.11-dist"
            }
          ],
          "store_path": "/nix/store/ixhf6s2qp5dy5q3ri6i3w3rm38xqp105-awscli2-2.31.11"
        },
        "x86_64-linux": {
          "outputs": [
            {
              "name": "out",
              "path": "/nix/store/slvn0v4fab6qc8qz11h8mfzpq8avdbz7-awscli2-2.31.11",
              "default": true
            },
            {
              "name": "dist",
              "path": "/nix/store/6y2nxxa9gd3wixznaajc5xffnsxixvgp-awscli2-2.31.11-dist"
            }
          ],
          "store_path": "/nix/store/slvn0v4fab6qc8qz11h8mfzpq8avdbz7-awscli2-2.31.11"
        }
      }
    },
    "github:NixOS/nixpkgs/nixpkgs-unstable": {
      "last_modified": "2025-11-02T15:04:35Z",
      "resolved": "github:NixOS/nixpkgs/a3e67ddfeb2e04ef6ae3fddc8aae678696b08714?lastModified=1762095875&narHash=sha256-2W8cwhdw5AILclhYftnUKhJK8q8XUIvNmAQbbF6KCl0%3D"
    },
    "k9s@0.50.9": {
      "last_modified": "2025-09-18T16:33:27Z",
      "resolved": "github:NixOS/nixpkgs/f4b140d5b253f5e2a1ff4e5506edbf8267724bde#k9s",
      "source": "devbox-search",
      "version": "0.50.9",
      "systems": {
        "aarch64-darwin": {
          "outputs": [
            {
              "name": "out",
              "path": "/nix/store/73nhddg42hq5an2nhjxkyps637s0rc4n-k9s-0.50.9",
              "default": true
            }
          ],
          "store_path": "/nix/store/73nhddg42hq5an2nhjxkyps637s0rc4n-k9s-0.50.9"
        },
        "aarch64-linux": {
          "outputs": [
            {
              "name": "out",
              "path": "/nix/store/3xdpyzlhw8nw43dkcp576fjccxzwrwl8-k9s-0.50.9",
              "default": true
            }
          ],
          "store_path": "/nix/store/3xdpyzlhw8nw43dkcp576fjccxzwrwl8-k9s-0.50.9"
        },
        "x86_64-darwin": {
          "outputs": [
            {
              "name": "out",
              "path": "/nix/store/c4p8inzfpjmr5kdshihvnfqw67ix7nms-k9s-0.50.9",
              "default": true
            }
          ],
          "store_path": "/nix/store/c4p8inzfpjmr5kdshihvnfqw67ix7nms-k9s-0.50.9"
        },
        "x86_64-linux": {
          "outputs": [
            {
              "name": "out",
              "path": "/nix/store/2hgbs9rps8sc7yfyijgvgdksg4bnhrs2-k9s-0.50.9",
              "default": true
            }
          ],
          "store_path": "/nix/store/2hgbs9rps8sc7yfyijgvgdksg4bnhrs2-k9s-0.50.9"
        }
      }
    },
    "kind@0.29.0": {
      "last_modified": "2025-07-28T17:09:23Z",
      "resolved": "github:NixOS/nixpkgs/648f70160c03151bc2121d179291337ad6bc564b#kind",
      "source": "devbox-search",
      "version": "0.29.0",
      "systems": {
        "aarch64-darwin": {
          "outputs": [
            {
              "name": "out",
              "path": "/nix/store/prhgjwv6cqf2s1hgr662w7h56amykcpp-kind-0.29.0",
              "default": true
            }
          ],
          "store_path": "/nix/store/prhgjwv6cqf2s1hgr662w7h56amykcpp-kind-0.29.0"
        },
        "aarch64-linux": {
          "outputs": [
            {
              "name": "out",
              "path": "/nix/store/ij8mcqwncmw68i676b4dybgwx5k1filn-kind-0.29.0",
              "default": true
            }
          ],
          "store_path": "/nix/store/ij8mcqwncmw68i676b4dybgwx5k1filn-kind-0.29.0"
        },
        "x86_64-darwin": {
          "outputs": [
            {
              "name": "out",
              "path": "/nix/store/ssn028ms5f62wsznhvl7kks62idd6y4w-kind-0.29.0",
              "default": true
            }
          ],
          "store_path": "/nix/store/ssn028ms5f62wsznhvl7kks62idd6y4w-kind-0.29.0"
        },
        "x86_64-linux": {
          "outputs": [
            {
              "name": "out",
              "path": "/nix/store/r6j7f9fk5cnss0i0ddm5yf9r23n1bc13-kind-0.29.0",
              "default": true
            }
          ],
          "store_path": "/nix/store/r6j7f9fk5cnss0i0ddm5yf9r23n1bc13-kind-0.29.0"
        }
      }
    },
    "krew@0.4.5": {
      "last_modified": "2025-10-22T20:59:19Z",
      "resolved": "github:NixOS/nixpkgs/01b6809f7f9d1183a2b3e081f0a1e6f8f415cb09#krew",
      "source": "devbox-search",
      "version": "0.4.5",
      "systems": {
        "aarch64-darwin": {
          "outputs": [
            {
              "name": "out",
              "path": "/nix/store/prg2mg48akyzky86jr7qgyaj8xvrz4z8-krew-0.4.5",
              "default": true
            }
          ],
          "store_path": "/nix/store/prg2mg48akyzky86jr7qgyaj8xvrz4z8-krew-0.4.5"
        },
        "aarch64-linux": {
          "outputs": [
            {
              "name": "out",
              "path": "/nix/store/rxm9ims52pd6b9bd7a1zarz34pry3q24-krew-0.4.5",
              "default": true
            }
          ],
          "store_path": "/nix/store/rxm9ims52pd6b9bd7a1zarz34pry3q24-krew-0.4.5"
        },
        "x86_64-darwin": {
          "outputs": [
            {
              "name": "out",
              "path": "/nix/store/akh2sbhmhhf0h2mh9n9zh1vb4n3snggm-krew-0.4.5",
              "default": true
            }
          ],
          "store_path": "/nix/store/akh2sbhmhhf0h2mh9n9zh1vb4n3snggm-krew-0.4.5"
        },
        "x86_64-linux": {
          "outputs": [
            {
              "name": "out",
              "path": "/nix/store/hjmwfb5368py2zv3vgwds25h5yls03am-krew-0.4.5",
              "default": true
            }
          ],
          "store_path": "/nix/store/hjmwfb5368py2zv3vgwds25h5yls03am-krew-0.4.5"
        }
      }
    },
    "kubecolor@0.5.1": {
      "last_modified": "2025-09-28T14:42:27Z",
      "resolved": "github:NixOS/nixpkgs/647e5c14cbd5067f44ac86b74f014962df460840#kubecolor",
      "source": "devbox-search",
      "version": "0.5.1",
      "systems": {
        "aarch64-darwin": {
          "outputs": [
            {
              "name": "out",
              "path": "/nix/store/1pnm9piak1hmy5rvi6kshm7kvyxamx3g-kubecolor-0.5.1",
              "default": true
            }
          ],
          "store_path": "/nix/store/1pnm9piak1hmy5rvi6kshm7kvyxamx3g-kubecolor-0.5.1"
        },
        "aarch64-linux": {
          "outputs": [
            {
              "name": "out",
              "path": "/nix/store/3q2wldvlf3v64mcmzkihvw8i9d49d6hi-kubecolor-0.5.1",
              "default": true
            }
          ],
          "store_path": "/nix/store/3q2wldvlf3v64mcmzkihvw8i9d49d6hi-kubecolor-0.5.1"
        },
        "x86_64-darwin": {
          "outputs": [
            {
              "name": "out",
              "path": "/nix/store/2iphm17q8c3rs4hd9w1s1d9yc3nn2d08-kubecolor-0.5.1",
              "default": true
            }
          ],
          "store_path": "/nix/store/2iphm17q8c3rs4hd9w1s1d9yc3nn2d08-kubecolor-0.5.1"
        },
        "x86_64-linux": {
          "outputs": [
            {
              "name": "out",
              "path": "/nix/store/2v2mjl9y2b4lnhq4ylg2qv7glqnqwyzm-kubecolor-0.5.1",
              "default": true
            }
          ],
          "store_path": "/nix/store/2v2mjl9y2b4lnhq4ylg2qv7glqnqwyzm-kubecolor-0.5.1"
        }
      }
    },
    "kubectl@1.33.3": {
      "last_modified": "2025-07-28T17:09:23Z",
      "resolved": "github:NixOS/nixpkgs/648f70160c03151bc2121d179291337ad6bc564b#kubectl",
      "source": "devbox-search",
      "version": "1.33.3",
      "systems": {
        "aarch64-darwin": {
          "outputs": [
            {
              "name": "out",
              "path": "/nix/store/k5hj0mxpv84w7xzx2z4wc06r4hg1ccwj-kubectl-1.33.3",
              "default": true
            },
            {
              "name": "man",
              "path": "/nix/store/2mckzmqkc5y3bh66sx2ij6sy2l1yy5s3-kubectl-1.33.3-man",
              "default": true
            },
            {
              "name": "convert",
              "path": "/nix/store/x225vv21kfp2pgi3hxac4cpz60qlh6nv-kubectl-1.33.3-convert"
            }
          ],
          "store_path": "/nix/store/k5hj0mxpv84w7xzx2z4wc06r4hg1ccwj-kubectl-1.33.3"
        },
        "aarch64-linux": {
          "outputs": [
            {
              "name": "out",
              "path": "/nix/store/cclissn11ab1rw49qybz8q31631n3m9x-kubectl-1.33.3",
              "default": true
            },
            {
              "name": "man",
              "path": "/nix/store/5npib1jfzm5mnv2ri6lv3z1l2pxhp8lr-kubectl-1.33.3-man",
              "default": true
            },
            {
              "name": "convert",
              "path": "/nix/store/1ahkazwv31h3irkxpzazg20kpn3kngbz-kubectl-1.33.3-convert"
            }
          ],
          "store_path": "/nix/store/cclissn11ab1rw49qybz8q31631n3m9x-kubectl-1.33.3"
        },
        "x86_64-darwin": {
          "outputs": [
            {
              "name": "out",
              "path": "/nix/store/qhvbci1vbd66884yza8d8sr3xn08v5ar-kubectl-1.33.3",
              "default": true
            },
            {
              "name": "man",
              "path": "/nix/store/9r8lxjhv229w8c2gf0kbwsfjl9jcv6y2-kubectl-1.33.3-man",
              "default": true
            },
            {
              "name": "convert",
              "path": "/nix/store/x74dqs19xz986l140bjn15awxf62dkys-kubectl-1.33.3-convert"
            }
          ],
          "store_path": "/nix/store/qhvbci1vbd66884yza8d8sr3xn08v5ar-kubectl-1.33.3"
        },
        "x86_64-linux": {
          "outputs": [
            {
              "name": "out",
              "path": "/nix/store/vpx0zzs0hazp7k9byys204jl805ksa2y-kubectl-1.33.3",
              "default": true
            },
            {
              "name": "man",
              "path": "/nix/store/w38d510ixf5ijs8z4j6c2yiinqk8ddx8-kubectl-1.33.3-man",
              "default": true
            },
            {
              "name": "convert",
              "path": "/nix/store/sj77h1x39z09mmq6rv1cjmpj6gg9gylf-kubectl-1.33.3-convert"
            }
          ],
          "store_path": "/nix/store/vpx0zzs0hazp7k9byys204jl805ksa2y-kubectl-1.33.3"
        }
      }
    },
    "kubectx@0.9.5": {
      "last_modified": "2025-10-22T20:59:19Z",
      "resolved": "github:NixOS/nixpkgs/01b6809f7f9d1183a2b3e081f0a1e6f8f415cb09#kubectx",
      "source": "devbox-search",
      "version": "0.9.5",
      "systems": {
        "aarch64-darwin": {
          "outputs": [
            {
              "name": "out",
              "path": "/nix/store/imm41ii0axw0iag0q3cbb9zvk9lbn8pm-kubectx-0.9.5",
              "default": true
            }
          ],
          "store_path": "/nix/store/imm41ii0axw0iag0q3cbb9zvk9lbn8pm-kubectx-0.9.5"
        },
        "aarch64-linux": {
          "outputs": [
            {
              "name": "out",
              "path": "/nix/store/y3716f9ik9k56hyxrd9yd1wz1i9058vv-kubectx-0.9.5",
              "default": true
            }
          ],
          "store_path": "/nix/store/y3716f9ik9k56hyxrd9yd1wz1i9058vv-kubectx-0.9.5"
        },
        "x86_64-darwin": {
          "outputs": [
            {
              "name": "out",
              "path": "/nix/store/17k7wp0hxsvwzn22rd734cjprr86jg46-kubectx-0.9.5",
              "default": true
            }
          ],
          "store_path": "/nix/store/17k7wp0hxsvwzn22rd734cjprr86jg46-kubectx-0.9.5"
        },
        "x86_64-linux": {
          "outputs": [
            {
              "name": "out",
              "path": "/nix/store/7z0x2gm2kycdxig7gzkk3xkzw27agjjy-kubectx-0.9.5",
              "default": true
            }
          ],
          "store_path": "/nix/store/7z0x2gm2kycdxig7gzkk3xkzw27agjjy-kubectx-0.9.5"
        }
      }
    },
    "kubernetes-helm@3.18.4": {
      "last_modified": "2025-07-28T17:09:23Z",
      "resolved": "github:NixOS/nixpkgs/648f70160c03151bc2121d179291337ad6bc564b#kubernetes-helm",
      "source": "devbox-search",
      "version": "3.18.4",
      "systems": {
        "aarch64-darwin": {
          "outputs": [
            {
              "name": "out",
              "path": "/nix/store/0cxdf30s34zacr305rbyavvnamx36hs4-kubernetes-helm-3.18.4",
              "default": true
            }
          ],
          "store_path": "/nix/store/0cxdf30s34zacr305rbyavvnamx36hs4-kubernetes-helm-3.18.4"
        },
        "aarch64-linux": {
          "outputs": [
            {
              "name": "out",
              "path": "/nix/store/2s4r0aik3lkdhjkhs7hj38pbk29fs968-kubernetes-helm-3.18.4",
              "default": true
            }
          ],
          "store_path": "/nix/store/2s4r0aik3lkdhjkhs7hj38pbk29fs968-kubernetes-helm-3.18.4"
        },
        "x86_64-darwin": {
          "outputs": [
            {
              "name": "out",
              "path": "/nix/store/y5wgqd0sr8grd59dzl77gc8907gb5078-kubernetes-helm-3.18.4",
              "default": true
            }
          ],
          "store_path": "/nix/store/y5wgqd0sr8grd59dzl77gc8907gb5078-kubernetes-helm-3.18.4"
        },
        "x86_64-linux": {
          "outputs": [
            {
              "name": "out",
              "path": "/nix/store/s77p25dg7dib28llm63b8xp0609gld5w-kubernetes-helm-3.18.4",
              "default": true
            }
          ],
          "store_path": "/nix/store/s77p25dg7dib28llm63b8xp0609gld5w-kubernetes-helm-3.18.4"
        }
      }
    },
    "terraform@latest": {
      "last_modified": "2025-10-22T20:59:19Z",
      "resolved": "github:NixOS/nixpkgs/01b6809f7f9d1183a2b3e081f0a1e6f8f415cb09#terraform",
      "source": "devbox-search",
      "version": "1.13.4",
      "systems": {
        "aarch64-darwin": {
          "outputs": [
            {
              "name": "out",
              "path": "/nix/store/962132zwxzm78igjmhkzbggqb16wnr0q-terraform-1.13.4",
              "default": true
            }
          ],
          "store_path": "/nix/store/962132zwxzm78igjmhkzbggqb16wnr0q-terraform-1.13.4"
        },
        "aarch64-linux": {
          "outputs": [
            {
              "name": "out",
              "path": "/nix/store/4m118wirscay8rsgk5ifn1lak9hnpm2s-terraform-1.13.4",
              "default": true
            }
          ],
          "store_path": "/nix/store/4m118wirscay8rsgk5ifn1lak9hnpm2s-terraform-1.13.4"
        },
        "x86_64-darwin": {
          "outputs": [
            {
              "name": "out",
              "path": "/nix/store/lr0j0zkczx4zg92nry2phh8vs4y4c4zy-terraform-1.13.4",
              "default": true
            }
          ],
          "store_path": "/nix/store/lr0j0zkczx4zg92nry2phh8vs4y4c4zy-terraform-1.13.4"
        },
        "x86_64-linux": {
          "outputs": [
            {
              "name": "out",
              "path": "/nix/store/sjbyjd98xm8k1q9mq5js7pv1g43660d9-terraform-1.13.4",
              "default": true
            }
          ],
          "store_path": "/nix/store/sjbyjd98xm8k1q9mq5js7pv1g43660d9-terraform-1.13.4"
        }
      }
    }
  }
}
